// !$*UTF8*$!
{
	archiveVersion = 1;
	classes = {
	};
	objectVersion = 46;
	objects = {

/* Begin PBXBuildFile section */
		CBBC1EB61CA1EF6B00C7582D /* main.m in Sources */ = {isa = PBXBuildFile; fileRef = CBBC1EB51CA1EF6B00C7582D /* main.m */; };
		CBBC1EB91CA1EF6B00C7582D /* AppDelegate.m in Sources */ = {isa = PBXBuildFile; fileRef = CBBC1EB81CA1EF6B00C7582D /* AppDelegate.m */; };
		CBBC1EBC1CA1EF6B00C7582D /* ViewController.m in Sources */ = {isa = PBXBuildFile; fileRef = CBBC1EBB1CA1EF6B00C7582D /* ViewController.m */; };
		CBBC1EBF1CA1EF6B00C7582D /* Main.storyboard in Resources */ = {isa = PBXBuildFile; fileRef = CBBC1EBD1CA1EF6B00C7582D /* Main.storyboard */; };
		CBBC1EC11CA1EF6B00C7582D /* Assets.xcassets in Resources */ = {isa = PBXBuildFile; fileRef = CBBC1EC01CA1EF6B00C7582D /* Assets.xcassets */; };
		CBBC1EC41CA1EF6B00C7582D /* LaunchScreen.storyboard in Resources */ = {isa = PBXBuildFile; fileRef = CBBC1EC21CA1EF6B00C7582D /* LaunchScreen.storyboard */; };
		CBBC1ECD1CA1EF9B00C7582D /* MagicalCreature.m in Sources */ = {isa = PBXBuildFile; fileRef = CBBC1ECC1CA1EF9B00C7582D /* MagicalCreature.m */; };
		CBBC1ED01CA1FA1600C7582D /* CreatureViewController.m in Sources */ = {isa = PBXBuildFile; fileRef = CBBC1ECF1CA1FA1600C7582D /* CreatureViewController.m */; };
/* End PBXBuildFile section */

/* Begin PBXFileReference section */
		CBBC1EB11CA1EF6B00C7582D /* MagicalCreature.app */ = {isa = PBXFileReference; explicitFileType = wrapper.application; includeInIndex = 0; path = MagicalCreature.app; sourceTree = BUILT_PRODUCTS_DIR; };
		CBBC1EB51CA1EF6B00C7582D /* main.m */ = {isa = PBXFileReference; lastKnownFileType = sourcecode.c.objc; path = main.m; sourceTree = "<group>"; };
		CBBC1EB71CA1EF6B00C7582D /* AppDelegate.h */ = {isa = PBXFileReference; lastKnownFileType = sourcecode.c.h; path = AppDelegate.h; sourceTree = "<group>"; };
		CBBC1EB81CA1EF6B00C7582D /* AppDelegate.m */ = {isa = PBXFileReference; lastKnownFileType = sourcecode.c.objc; path = AppDelegate.m; sourceTree = "<group>"; };
		CBBC1EBA1CA1EF6B00C7582D /* ViewController.h */ = {isa = PBXFileReference; lastKnownFileType = sourcecode.c.h; path = ViewController.h; sourceTree = "<group>"; };
		CBBC1EBB1CA1EF6B00C7582D /* ViewController.m */ = {isa = PBXFileReference; lastKnownFileType = sourcecode.c.objc; path = ViewController.m; sourceTree = "<group>"; };
		CBBC1EBE1CA1EF6B00C7582D /* Base */ = {isa = PBXFileReference; lastKnownFileType = file.storyboard; name = Base; path = Base.lproj/Main.storyboard; sourceTree = "<group>"; };
		CBBC1EC01CA1EF6B00C7582D /* Assets.xcassets */ = {isa = PBXFileReference; lastKnownFileType = folder.assetcatalog; path = Assets.xcassets; sourceTree = "<group>"; };
		CBBC1EC31CA1EF6B00C7582D /* Base */ = {isa = PBXFileReference; lastKnownFileType = file.storyboard; name = Base; path = Base.lproj/LaunchScreen.storyboard; sourceTree = "<group>"; };
		CBBC1EC51CA1EF6B00C7582D /* Info.plist */ = {isa = PBXFileReference; lastKnownFileType = text.plist.xml; path = Info.plist; sourceTree = "<group>"; };
		CBBC1ECB1CA1EF9B00C7582D /* MagicalCreature.h */ = {isa = PBXFileReference; fileEncoding = 4; lastKnownFileType = sourcecode.c.h; path = MagicalCreature.h; sourceTree = SOURCE_ROOT; };
		CBBC1ECC1CA1EF9B00C7582D /* MagicalCreature.m */ = {isa = PBXFileReference; fileEncoding = 4; lastKnownFileType = sourcecode.c.objc; path = MagicalCreature.m; sourceTree = SOURCE_ROOT; };
		CBBC1ECE1CA1FA1600C7582D /* CreatureViewController.h */ = {isa = PBXFileReference; fileEncoding = 4; lastKnownFileType = sourcecode.c.h; path = CreatureViewController.h; sourceTree = "<group>"; };
		CBBC1ECF1CA1FA1600C7582D /* CreatureViewController.m */ = {isa = PBXFileReference; fileEncoding = 4; lastKnownFileType = sourcecode.c.objc; path = CreatureViewController.m; sourceTree = "<group>"; };
/* End PBXFileReference section */

/* Begin PBXFrameworksBuildPhase section */
		CBBC1EAE1CA1EF6B00C7582D /* Frameworks */ = {
			isa = PBXFrameworksBuildPhase;
			buildActionMask = 2147483647;
			files = (
			);
			runOnlyForDeploymentPostprocessing = 0;
		};
/* End PBXFrameworksBuildPhase section */

/* Begin PBXGroup section */
		CBBC1EA81CA1EF6B00C7582D = {
			isa = PBXGroup;
			children = (
				CBBC1EB31CA1EF6B00C7582D /* MagicalCreature */,
				CBBC1EB21CA1EF6B00C7582D /* Products */,
			);
			sourceTree = "<group>";
		};
		CBBC1EB21CA1EF6B00C7582D /* Products */ = {
			isa = PBXGroup;
			children = (
				CBBC1EB11CA1EF6B00C7582D /* MagicalCreature.app */,
			);
			name = Products;
			sourceTree = "<group>";
		};
		CBBC1EB31CA1EF6B00C7582D /* MagicalCreature */ = {
			isa = PBXGroup;
			children = (
				CBBC1EB71CA1EF6B00C7582D /* AppDelegate.h */,
				CBBC1EB81CA1EF6B00C7582D /* AppDelegate.m */,
				CBBC1EBA1CA1EF6B00C7582D /* ViewController.h */,
				CBBC1EBB1CA1EF6B00C7582D /* ViewController.m */,
				CBBC1ECB1CA1EF9B00C7582D /* MagicalCreature.h */,
				CBBC1ECC1CA1EF9B00C7582D /* MagicalCreature.m */,
				CBBC1ECE1CA1FA1600C7582D /* CreatureViewController.h */,
				CBBC1ECF1CA1FA1600C7582D /* CreatureViewController.m */,
				CBBC1EBD1CA1EF6B00C7582D /* Main.storyboard */,
				CBBC1EC01CA1EF6B00C7582D /* Assets.xcassets */,
				CBBC1EC21CA1EF6B00C7582D /* LaunchScreen.storyboard */,
				CBBC1EC51CA1EF6B00C7582D /* Info.plist */,
				CBBC1EB41CA1EF6B00C7582D /* Supporting Files */,
			);
			path = MagicalCreature;
			sourceTree = "<group>";
		};
		CBBC1EB41CA1EF6B00C7582D /* Supporting Files */ = {
			isa = PBXGroup;
			children = (
				CBBC1EB51CA1EF6B00C7582D /* main.m */,
			);
			name = "Supporting Files";
			sourceTree = "<group>";
		};
/* End PBXGroup section */

/* Begin PBXNativeTarget section */
		CBBC1EB01CA1EF6B00C7582D /* MagicalCreature */ = {
			isa = PBXNativeTarget;
			buildConfigurationList = CBBC1EC81CA1EF6B00C7582D /* Build configuration list for PBXNativeTarget "MagicalCreature" */;
			buildPhases = (
				CBBC1EAD1CA1EF6B00C7582D /* Sources */,
				CBBC1EAE1CA1EF6B00C7582D /* Frameworks */,
				CBBC1EAF1CA1EF6B00C7582D /* Resources */,
			);
			buildRules = (
			);
			dependencies = (
			);
			name = MagicalCreature;
			productName = MagicalCreature;
			productReference = CBBC1EB11CA1EF6B00C7582D /* MagicalCreature.app */;
			productType = "com.apple.product-type.application";
		};
/* End PBXNativeTarget section */

/* Begin PBXProject section */
		CBBC1EA91CA1EF6B00C7582D /* Project object */ = {
			isa = PBXProject;
			attributes = {
				LastUpgradeCheck = 0720;
				ORGANIZATIONNAME = "Pei Xiong";
				TargetAttributes = {
					CBBC1EB01CA1EF6B00C7582D = {
						CreatedOnToolsVersion = 7.2.1;
					};
				};
			};
			buildConfigurationList = CBBC1EAC1CA1EF6B00C7582D /* Build configuration list for PBXProject "MagicalCreature" */;
			compatibilityVersion = "Xcode 3.2";
			developmentRegion = English;
			hasScannedForEncodings = 0;
			knownRegions = (
				en,
				Base,
			);
			mainGroup = CBBC1EA81CA1EF6B00C7582D;
			productRefGroup = CBBC1EB21CA1EF6B00C7582D /* Products */;
			projectDirPath = "";
			projectRoot = "";
			targets = (
				CBBC1EB01CA1EF6B00C7582D /* MagicalCreature */,
			);
		};
/* End PBXProject section */

/* Begin PBXResourcesBuildPhase section */
		CBBC1EAF1CA1EF6B00C7582D /* Resources */ = {
			isa = PBXResourcesBuildPhase;
			buildActionMask = 2147483647;
			files = (
				CBBC1EC41CA1EF6B00C7582D /* LaunchScreen.storyboard in Resources */,
				CBBC1EC11CA1EF6B00C7582D /* Assets.xcassets in Resources */,
				CBBC1EBF1CA1EF6B00C7582D /* Main.storyboard in Resources */,
			);
			runOnlyForDeploymentPostprocessing = 0;
		};
/* End PBXResourcesBuildPhase section */

/* Begin PBXSourcesBuildPhase section */
		CBBC1EAD1CA1EF6B00C7582D /* Sources */ = {
			isa = PBXSourcesBuildPhase;
			buildActionMask = 2147483647;
			files = (
				CBBC1EBC1CA1EF6B00C7582D /* ViewController.m in Sources */,
				CBBC1ECD1CA1EF9B00C7582D /* MagicalCreature.m in Sources */,
				CBBC1EB91CA1EF6B00C7582D /* AppDelegate.m in Sources */,
				CBBC1ED01CA1FA1600C7582D /* CreatureViewController.m in Sources */,
				CBBC1EB61CA1EF6B00C7582D /* main.m in Sources */,
			);
			runOnlyForDeploymentPostprocessing = 0;
		};
/* End PBXSourcesBuildPhase section */

/* Begin PBXVariantGroup section */
		CBBC1EBD1CA1EF6B00C7582D /* Main.storyboard */ = {
			isa = PBXVariantGroup;
			children = (
				CBBC1EBE1CA1EF6B00C7582D /* Base */,
			);
			name = Main.storyboard;
			sourceTree = "<group>";
		};
		CBBC1EC21CA1EF6B00C7582D /* LaunchScreen.storyboard */ = {
			isa = PBXVariantGroup;
			children = (
				CBBC1EC31CA1EF6B00C7582D /* Base */,
			);
			name = LaunchScreen.storyboard;
			sourceTree = "<group>";
		};
/* End PBXVariantGroup section */

/* Begin XCBuildConfiguration section */
		CBBC1EC61CA1EF6B00C7582D /* Debug */ = {
			isa = XCBuildConfiguration;
			buildSettings = {
				ALWAYS_SEARCH_USER_PATHS = NO;
				CLANG_CXX_LANGUAGE_STANDARD = "gnu++0x";
				CLANG_CXX_LIBRARY = "libc++";
				CLANG_ENABLE_MODULES = YES;
				CLANG_ENABLE_OBJC_ARC = YES;
				CLANG_WARN_BOOL_CONVERSION = YES;
				CLANG_WARN_CONSTANT_CONVERSION = YES;
				CLANG_WARN_DIRECT_OBJC_ISA_USAGE = YES_ERROR;
				CLANG_WARN_EMPTY_BODY = YES;
				CLANG_WARN_ENUM_CONVERSION = YES;
				CLANG_WARN_INT_CONVERSION = YES;
				CLANG_WARN_OBJC_ROOT_CLASS = YES_ERROR;
				CLANG_WARN_UNREACHABLE_CODE = YES;
				CLANG_WARN__DUPLICATE_METHOD_MATCH = YES;
				"CODE_SIGN_IDENTITY[sdk=iphoneos*]" = "iPhone Developer";
				COPY_PHASE_STRIP = NO;
				DEBUG_INFORMATION_FORMAT = dwarf;
				ENABLE_STRICT_OBJC_MSGSEND = YES;
				ENABLE_TESTABILITY = YES;
				GCC_C_LANGUAGE_STANDARD = gnu99;
				GCC_DYNAMIC_NO_PIC = NO;
				GCC_NO_COMMON_BLOCKS = YES;
				GCC_OPTIMIZATION_LEVEL = 0;
				GCC_PREPROCESSOR_DEFINITIONS = (
					"DEBUG=1",
					"$(inherited)",
				);
				GCC_WARN_64_TO_32_BIT_CONVERSION = YES;
				GCC_WARN_ABOUT_RETURN_TYPE = YES_ERROR;
				GCC_WARN_UNDECLARED_SELECTOR = YES;
				GCC_WARN_UNINITIALIZED_AUTOS = YES_AGGRESSIVE;
				GCC_WARN_UNUSED_FUNCTION = YES;
				GCC_WARN_UNUSED_VARIABLE = YES;
				IPHONEOS_DEPLOYMENT_TARGET = 9.2;
				MTL_ENABLE_DEBUG_INFO = YES;
				ONLY_ACTIVE_ARCH = YES;
				SDKROOT = iphoneos;
			};
			name = Debug;
		};
		CBBC1EC71CA1EF6B00C7582D /* Release */ = {
			isa = XCBuildConfiguration;
			buildSettings = {
				ALWAYS_SEARCH_USER_PATHS = NO;
				CLANG_CXX_LANGUAGE_STANDARD = "gnu++0x";
				CLANG_CXX_LIBRARY = "libc++";
				CLANG_ENABLE_MODULES = YES;
				CLANG_ENABLE_OBJC_ARC = YES;
				CLANG_WARN_BOOL_CONVERSION = YES;
				CLANG_WARN_CONSTANT_CONVERSION = YES;
				CLANG_WARN_DIRECT_OBJC_ISA_USAGE = YES_ERROR;
				CLANG_WARN_EMPTY_BODY = YES;
				CLANG_WARN_ENUM_CONVERSION = YES;
				CLANG_WARN_INT_CONVERSION = YES;
				CLANG_WARN_OBJC_ROOT_CLASS = YES_ERROR;
				CLANG_WARN_UNREACHABLE_CODE = YES;
				CLANG_WARN__DUPLICATE_METHOD_MATCH = YES;
				"CODE_SIGN_IDENTITY[sdk=iphoneos*]" = "iPhone Developer";
				COPY_PHASE_STRIP = NO;
				DEBUG_INFORMATION_FORMAT = "dwarf-with-dsym";
				ENABLE_NS_ASSERTIONS = NO;
				ENABLE_STRICT_OBJC_MSGSEND = YES;
				GCC_C_LANGUAGE_STANDARD = gnu99;
				GCC_NO_COMMON_BLOCKS = YES;
				GCC_WARN_64_TO_32_BIT_CONVERSION = YES;
				GCC_WARN_ABOUT_RETURN_TYPE = YES_ERROR;
				GCC_WARN_UNDECLARED_SELECTOR = YES;
				GCC_WARN_UNINITIALIZED_AUTOS = YES_AGGRESSIVE;
				GCC_WARN_UNUSED_FUNCTION = YES;
				GCC_WARN_UNUSED_VARIABLE = YES;
				IPHONEOS_DEPLOYMENT_TARGET = 9.2;
				MTL_ENABLE_DEBUG_INFO = NO;
				SDKROOT = iphoneos;
				VALIDATE_PRODUCT = YES;
			};
			name = Release;
		};
		CBBC1EC91CA1EF6B00C7582D /* Debug */ = {
			isa = XCBuildConfiguration;
			buildSettings = {
				ASSETCATALOG_COMPILER_APPICON_NAME = AppIcon;
				INFOPLIST_FILE = MagicalCreature/Info.plist;
				LD_RUNPATH_SEARCH_PATHS = "$(inherited) @executable_path/Frameworks";
				PRODUCT_BUNDLE_IDENTIFIER = Amber.MagicalCreature;
				PRODUCT_NAME = "$(TARGET_NAME)";
			};
			name = Debug;
		};
		CBBC1ECA1CA1EF6B00C7582D /* Release */ = {
			isa = XCBuildConfiguration;
			buildSettings = {
				ASSETCATALOG_COMPILER_APPICON_NAME = AppIcon;
				INFOPLIST_FILE = MagicalCreature/Info.plist;
				LD_RUNPATH_SEARCH_PATHS = "$(inherited) @executable_path/Frameworks";
				PRODUCT_BUNDLE_IDENTIFIER = Amber.MagicalCreature;
				PRODUCT_NAME = "$(TARGET_NAME)";
			};
			name = Release;
		};
/* End XCBuildConfiguration section */

/* Begin XCConfigurationList section */
		CBBC1EAC1CA1EF6B00C7582D /* Build configuration list for PBXProject "MagicalCreature" */ = {
			isa = XCConfigurationList;
			buildConfigurations = (
				CBBC1EC61CA1EF6B00C7582D /* Debug */,
				CBBC1EC71CA1EF6B00C7582D /* Release */,
			);
			defaultConfigurationIsVisible = 0;
			defaultConfigurationName = Release;
		};
		CBBC1EC81CA1EF6B00C7582D /* Build configuration list for PBXNativeTarget "MagicalCreature" */ = {
			isa = XCConfigurationList;
			buildConfigurations = (
				CBBC1EC91CA1EF6B00C7582D /* Debug */,
				CBBC1ECA1CA1EF6B00C7582D /* Release */,
			);
			defaultConfigurationIsVisible = 0;
		};
/* End XCConfigurationList section */
	};
	rootObject = CBBC1EA91CA1EF6B00C7582D /* Project object */;
}
